
Microsoft Visual Studio Solution File, Format Version 12.00
# Visual Studio 14
VisualStudioVersion = 14.0.25420.1
MinimumVisualStudioVersion = 10.0.40219.1
Project("{FAE04EC0-301F-11D3-BF4B-00C04F79EFBC}") = "Ubiquicity", "Ubiquicity\Ubiquicity.csproj", "{3CFFC8B6-6FEA-42F2-9A68-AC1E418B4A90}"
EndProject
Project("{FAE04EC0-301F-11D3-BF4B-00C04F79EFBC}") = "Ubiquicity.Tests", "Ubiquicity.Tests\Ubiquicity.Tests.csproj", "{BE788804-9B98-41E1-91A9-D191310F107E}"
EndProject
Global
	GlobalSection(SolutionConfigurationPlatforms) = preSolution
		Debug|Any CPU = Debug|Any CPU
		Release|Any CPU = Release|Any CPU
	EndGlobalSection
	GlobalSection(ProjectConfigurationPlatforms) = postSolution
		{3CFFC8B6-6FEA-42F2-9A68-AC1E418B4A90}.Debug|Any CPU.ActiveCfg = Debug|Any CPU
		{3CFFC8B6-6FEA-42F2-9A68-AC1E418B4A90}.Debug|Any CPU.Build.0 = Debug|Any CPU
		{3CFFC8B6-6FEA-42F2-9A68-AC1E418B4A90}.Release|Any CPU.ActiveCfg = Release|Any CPU
		{3CFFC8B6-6FEA-42F2-9A68-AC1E418B4A90}.Release|Any CPU.Build.0 = Release|Any CPU
		{BE788804-9B98-41E1-91A9-D191310F107E}.Debug|Any CPU.ActiveCfg = Debug|Any CPU
		{BE788804-9B98-41E1-91A9-D191310F107E}.Debug|Any CPU.Build.0 = Debug|Any CPU
		{BE788804-9B98-41E1-91A9-D191310F107E}.Release|Any CPU.ActiveCfg = Release|Any CPU
		{BE788804-9B98-41E1-91A9-D191310F107E}.Release|Any CPU.Build.0 = Release|Any CPU
	EndGlobalSection
	GlobalSection(SolutionProperties) = preSolution
		HideSolutionNode = FALSE
	EndGlobalSection
EndGlobal
